
Microsoft Visual Studio Solution File, Format Version 12.00
# Visual Studio 15
VisualStudioVersion = 15.0.27428.2011
MinimumVisualStudioVersion = 10.0.40219.1
Project("{FAE04EC0-301F-11D3-BF4B-00C04F79EFBC}") = "eagle.gui", "eagle.gui\eagle.gui.csproj", "{CFC243F0-F4E3-4754-8E21-8BA17E1C1788}"
EndProject
Global
	GlobalSection(SolutionConfigurationPlatforms) = preSolution
		Debug|Any CPU = Debug|Any CPU
		Debug|x64 = Debug|x64
		Debug|x86 = Debug|x86
		Release|Any CPU = Release|Any CPU
		Release|x64 = Release|x64
		Release|x86 = Release|x86
	EndGlobalSection
	GlobalSection(ProjectConfigurationPlatforms) = postSolution
		{BD305674-8F66-4F93-B28D-32887975E828}.Debug|Any CPU.ActiveCfg = Debug|Any CPU
		{BD305674-8F66-4F93-B28D-32887975E828}.Debug|Any CPU.Build.0 = Debug|Any CPU
		{BD305674-8F66-4F93-B28D-32887975E828}.Debug|x64.ActiveCfg = Debug|Any CPU
		{BD305674-8F66-4F93-B28D-32887975E828}.Debug|x64.Build.0 = Debug|Any CPU
		{BD305674-8F66-4F93-B28D-32887975E828}.Debug|x86.ActiveCfg = Debug|Any CPU
		{BD305674-8F66-4F93-B28D-32887975E828}.Debug|x86.Build.0 = Debug|Any CPU
		{BD305674-8F66-4F93-B28D-32887975E828}.Release|Any CPU.ActiveCfg = Release|Any CPU
		{BD305674-8F66-4F93-B28D-32887975E828}.Release|Any CPU.Build.0 = Release|Any CPU
		{BD305674-8F66-4F93-B28D-32887975E828}.Release|x64.ActiveCfg = Release|Any CPU
		{BD305674-8F66-4F93-B28D-32887975E828}.Release|x64.Build.0 = Release|Any CPU
		{BD305674-8F66-4F93-B28D-32887975E828}.Release|x86.ActiveCfg = Release|Any CPU
		{BD305674-8F66-4F93-B28D-32887975E828}.Release|x86.Build.0 = Release|Any CPU
		{03FE33C7-E551-4F89-AEE3-0B85FCDF7AC4}.Debug|Any CPU.ActiveCfg = Debug|Any CPU
		{03FE33C7-E551-4F89-AEE3-0B85FCDF7AC4}.Debug|Any CPU.Build.0 = Debug|Any CPU
		{03FE33C7-E551-4F89-AEE3-0B85FCDF7AC4}.Debug|x64.ActiveCfg = Debug|Any CPU
		{03FE33C7-E551-4F89-AEE3-0B85FCDF7AC4}.Debug|x64.Build.0 = Debug|Any CPU
		{03FE33C7-E551-4F89-AEE3-0B85FCDF7AC4}.Debug|x86.ActiveCfg = Debug|Any CPU
		{03FE33C7-E551-4F89-AEE3-0B85FCDF7AC4}.Debug|x86.Build.0 = Debug|Any CPU
		{03FE33C7-E551-4F89-AEE3-0B85FCDF7AC4}.Release|Any CPU.ActiveCfg = Release|Any CPU
		{03FE33C7-E551-4F89-AEE3-0B85FCDF7AC4}.Release|Any CPU.Build.0 = Release|Any CPU
		{03FE33C7-E551-4F89-AEE3-0B85FCDF7AC4}.Release|x64.ActiveCfg = Release|Any CPU
		{03FE33C7-E551-4F89-AEE3-0B85FCDF7AC4}.Release|x64.Build.0 = Release|Any CPU
		{03FE33C7-E551-4F89-AEE3-0B85FCDF7AC4}.Release|x86.ActiveCfg = Release|Any CPU
		{03FE33C7-E551-4F89-AEE3-0B85FCDF7AC4}.Release|x86.Build.0 = Release|Any CPU
		{CFC243F0-F4E3-4754-8E21-8BA17E1C1788}.Debug|Any CPU.ActiveCfg = Debug|Any CPU
		{CFC243F0-F4E3-4754-8E21-8BA17E1C1788}.Debug|Any CPU.Build.0 = Debug|Any CPU
		{CFC243F0-F4E3-4754-8E21-8BA17E1C1788}.Debug|x64.ActiveCfg = Debug|Any CPU
		{CFC243F0-F4E3-4754-8E21-8BA17E1C1788}.Debug|x64.Build.0 = Debug|Any CPU
		{CFC243F0-F4E3-4754-8E21-8BA17E1C1788}.Debug|x86.ActiveCfg = Debug|Any CPU
		{CFC243F0-F4E3-4754-8E21-8BA17E1C1788}.Debug|x86.Build.0 = Debug|Any CPU
		{CFC243F0-F4E3-4754-8E21-8BA17E1C1788}.Release|Any CPU.ActiveCfg = Release|Any CPU
		{CFC243F0-F4E3-4754-8E21-8BA17E1C1788}.Release|Any CPU.Build.0 = Release|Any CPU
		{CFC243F0-F4E3-4754-8E21-8BA17E1C1788}.Release|x64.ActiveCfg = Release|Any CPU
		{CFC243F0-F4E3-4754-8E21-8BA17E1C1788}.Release|x64.Build.0 = Release|Any CPU
		{CFC243F0-F4E3-4754-8E21-8BA17E1C1788}.Release|x86.ActiveCfg = Release|Any CPU
		{CFC243F0-F4E3-4754-8E21-8BA17E1C1788}.Release|x86.Build.0 = Release|Any CPU
		{4C2FAD2B-237D-488F-9159-E608A95424E8}.Debug|Any CPU.ActiveCfg = Debug|Any CPU
		{4C2FAD2B-237D-488F-9159-E608A95424E8}.Debug|Any CPU.Build.0 = Debug|Any CPU
		{4C2FAD2B-237D-488F-9159-E608A95424E8}.Debug|x64.ActiveCfg = Debug|Any CPU
		{4C2FAD2B-237D-488F-9159-E608A95424E8}.Debug|x64.Build.0 = Debug|Any CPU
		{4C2FAD2B-237D-488F-9159-E608A95424E8}.Debug|x86.ActiveCfg = Debug|Any CPU
		{4C2FAD2B-237D-488F-9159-E608A95424E8}.Debug|x86.Build.0 = Debug|Any CPU
		{4C2FAD2B-237D-488F-9159-E608A95424E8}.Release|Any CPU.ActiveCfg = Release|Any CPU
		{4C2FAD2B-237D-488F-9159-E608A95424E8}.Release|Any CPU.Build.0 = Release|Any CPU
		{4C2FAD2B-237D-488F-9159-E608A95424E8}.Release|x64.ActiveCfg = Release|Any CPU
		{4C2FAD2B-237D-488F-9159-E608A95424E8}.Release|x64.Build.0 = Release|Any CPU
		{4C2FAD2B-237D-488F-9159-E608A95424E8}.Release|x86.ActiveCfg = Release|Any CPU
		{4C2FAD2B-237D-488F-9159-E608A95424E8}.Release|x86.Build.0 = Release|Any CPU
		{5988921F-9C4F-470C-A808-679BE62A305B}.Debug|Any CPU.ActiveCfg = Debug|Any CPU
		{5988921F-9C4F-470C-A808-679BE62A305B}.Debug|Any CPU.Build.0 = Debug|Any CPU
		{5988921F-9C4F-470C-A808-679BE62A305B}.Debug|x64.ActiveCfg = Debug|Any CPU
		{5988921F-9C4F-470C-A808-679BE62A305B}.Debug|x64.Build.0 = Debug|Any CPU
		{5988921F-9C4F-470C-A808-679BE62A305B}.Debug|x86.ActiveCfg = Debug|Any CPU
		{5988921F-9C4F-470C-A808-679BE62A305B}.Debug|x86.Build.0 = Debug|Any CPU
		{5988921F-9C4F-470C-A808-679BE62A305B}.Release|Any CPU.ActiveCfg = Release|Any CPU
		{5988921F-9C4F-470C-A808-679BE62A305B}.Release|Any CPU.Build.0 = Release|Any CPU
		{5988921F-9C4F-470C-A808-679BE62A305B}.Release|x64.ActiveCfg = Release|Any CPU
		{5988921F-9C4F-470C-A808-679BE62A305B}.Release|x64.Build.0 = Release|Any CPU
		{5988921F-9C4F-470C-A808-679BE62A305B}.Release|x86.ActiveCfg = Release|Any CPU
		{5988921F-9C4F-470C-A808-679BE62A305B}.Release|x86.Build.0 = Release|Any CPU
		{8553D33E-E0C5-46A2-819C-8513D2229F67}.Debug|Any CPU.ActiveCfg = Debug|Win32
		{8553D33E-E0C5-46A2-819C-8513D2229F67}.Debug|x64.ActiveCfg = Debug|x64
		{8553D33E-E0C5-46A2-819C-8513D2229F67}.Debug|x64.Build.0 = Debug|x64
		{8553D33E-E0C5-46A2-819C-8513D2229F67}.Debug|x86.ActiveCfg = Debug|Win32
		{8553D33E-E0C5-46A2-819C-8513D2229F67}.Debug|x86.Build.0 = Debug|Win32
		{8553D33E-E0C5-46A2-819C-8513D2229F67}.Release|Any CPU.ActiveCfg = Release|Win32
		{8553D33E-E0C5-46A2-819C-8513D2229F67}.Release|x64.ActiveCfg = Release|x64
		{8553D33E-E0C5-46A2-819C-8513D2229F67}.Release|x64.Build.0 = Release|x64
		{8553D33E-E0C5-46A2-819C-8513D2229F67}.Release|x86.ActiveCfg = Release|Win32
		{8553D33E-E0C5-46A2-819C-8513D2229F67}.Release|x86.Build.0 = Release|Win32
		{C715274A-37F3-4ABA-BEA3-D1ABD5076F01}.Debug|Any CPU.ActiveCfg = Debug|Any CPU
		{C715274A-37F3-4ABA-BEA3-D1ABD5076F01}.Debug|Any CPU.Build.0 = Debug|Any CPU
		{C715274A-37F3-4ABA-BEA3-D1ABD5076F01}.Debug|x64.ActiveCfg = Debug|Any CPU
		{C715274A-37F3-4ABA-BEA3-D1ABD5076F01}.Debug|x64.Build.0 = Debug|Any CPU
		{C715274A-37F3-4ABA-BEA3-D1ABD5076F01}.Debug|x86.ActiveCfg = Debug|Any CPU
		{C715274A-37F3-4ABA-BEA3-D1ABD5076F01}.Debug|x86.Build.0 = Debug|Any CPU
		{C715274A-37F3-4ABA-BEA3-D1ABD5076F01}.Release|Any CPU.ActiveCfg = Release|Any CPU
		{C715274A-37F3-4ABA-BEA3-D1ABD5076F01}.Release|Any CPU.Build.0 = Release|Any CPU
		{C715274A-37F3-4ABA-BEA3-D1ABD5076F01}.Release|x64.ActiveCfg = Release|Any CPU
		{C715274A-37F3-4ABA-BEA3-D1ABD5076F01}.Release|x64.Build.0 = Release|Any CPU
		{C715274A-37F3-4ABA-BEA3-D1ABD5076F01}.Release|x86.ActiveCfg = Release|Any CPU
		{C715274A-37F3-4ABA-BEA3-D1ABD5076F01}.Release|x86.Build.0 = Release|Any CPU
		{1B51F831-A391-4952-9F9F-537E50D513D3}.Debug|Any CPU.ActiveCfg = Debug|Any CPU
		{1B51F831-A391-4952-9F9F-537E50D513D3}.Debug|Any CPU.Build.0 = Debug|Any CPU
		{1B51F831-A391-4952-9F9F-537E50D513D3}.Debug|x64.ActiveCfg = Debug|Any CPU
		{1B51F831-A391-4952-9F9F-537E50D513D3}.Debug|x64.Build.0 = Debug|Any CPU
		{1B51F831-A391-4952-9F9F-537E50D513D3}.Debug|x86.ActiveCfg = Debug|Any CPU
		{1B51F831-A391-4952-9F9F-537E50D513D3}.Debug|x86.Build.0 = Debug|Any CPU
		{1B51F831-A391-4952-9F9F-537E50D513D3}.Release|Any CPU.ActiveCfg = Release|Any CPU
		{1B51F831-A391-4952-9F9F-537E50D513D3}.Release|Any CPU.Build.0 = Release|Any CPU
		{1B51F831-A391-4952-9F9F-537E50D513D3}.Release|x64.ActiveCfg = Release|Any CPU
		{1B51F831-A391-4952-9F9F-537E50D513D3}.Release|x64.Build.0 = Release|Any CPU
		{1B51F831-A391-4952-9F9F-537E50D513D3}.Release|x86.ActiveCfg = Release|Any CPU
		{1B51F831-A391-4952-9F9F-537E50D513D3}.Release|x86.Build.0 = Release|Any CPU
		{1613F7C8-7540-44FD-9155-AFF35FFE36B7}.Debug|Any CPU.ActiveCfg = Debug|Any CPU
		{1613F7C8-7540-44FD-9155-AFF35FFE36B7}.Debug|Any CPU.Build.0 = Debug|Any CPU
		{1613F7C8-7540-44FD-9155-AFF35FFE36B7}.Debug|x64.ActiveCfg = Debug|Any CPU
		{1613F7C8-7540-44FD-9155-AFF35FFE36B7}.Debug|x64.Build.0 = Debug|Any CPU
		{1613F7C8-7540-44FD-9155-AFF35FFE36B7}.Debug|x86.ActiveCfg = Debug|Any CPU
		{1613F7C8-7540-44FD-9155-AFF35FFE36B7}.Debug|x86.Build.0 = Debug|Any CPU
		{1613F7C8-7540-44FD-9155-AFF35FFE36B7}.Release|Any CPU.ActiveCfg = Release|Any CPU
		{1613F7C8-7540-44FD-9155-AFF35FFE36B7}.Release|Any CPU.Build.0 = Release|Any CPU
		{1613F7C8-7540-44FD-9155-AFF35FFE36B7}.Release|x64.ActiveCfg = Release|Any CPU
		{1613F7C8-7540-44FD-9155-AFF35FFE36B7}.Release|x64.Build.0 = Release|Any CPU
		{1613F7C8-7540-44FD-9155-AFF35FFE36B7}.Release|x86.ActiveCfg = Release|Any CPU
		{1613F7C8-7540-44FD-9155-AFF35FFE36B7}.Release|x86.Build.0 = Release|Any CPU
		{0E44D7BD-0648-412D-B277-241187559B6A}.Debug|Any CPU.ActiveCfg = Debug|Any CPU
		{0E44D7BD-0648-412D-B277-241187559B6A}.Debug|Any CPU.Build.0 = Debug|Any CPU
		{0E44D7BD-0648-412D-B277-241187559B6A}.Debug|x64.ActiveCfg = Debug|Any CPU
		{0E44D7BD-0648-412D-B277-241187559B6A}.Debug|x64.Build.0 = Debug|Any CPU
		{0E44D7BD-0648-412D-B277-241187559B6A}.Debug|x86.ActiveCfg = Debug|Any CPU
		{0E44D7BD-0648-412D-B277-241187559B6A}.Debug|x86.Build.0 = Debug|Any CPU
		{0E44D7BD-0648-412D-B277-241187559B6A}.Release|Any CPU.ActiveCfg = Release|Any CPU
		{0E44D7BD-0648-412D-B277-241187559B6A}.Release|Any CPU.Build.0 = Release|Any CPU
		{0E44D7BD-0648-412D-B277-241187559B6A}.Release|x64.ActiveCfg = Release|Any CPU
		{0E44D7BD-0648-412D-B277-241187559B6A}.Release|x64.Build.0 = Release|Any CPU
		{0E44D7BD-0648-412D-B277-241187559B6A}.Release|x86.ActiveCfg = Release|Any CPU
		{0E44D7BD-0648-412D-B277-241187559B6A}.Release|x86.Build.0 = Release|Any CPU
	EndGlobalSection
	GlobalSection(SolutionProperties) = preSolution
		HideSolutionNode = FALSE
	EndGlobalSection
	GlobalSection(NestedProjects) = preSolution
		{C715274A-37F3-4ABA-BEA3-D1ABD5076F01} = {61868D9C-AB30-4582-9530-10718D5979F5}
		{1B51F831-A391-4952-9F9F-537E50D513D3} = {61868D9C-AB30-4582-9530-10718D5979F5}
		{1613F7C8-7540-44FD-9155-AFF35FFE36B7} = {61868D9C-AB30-4582-9530-10718D5979F5}
		{0E44D7BD-0648-412D-B277-241187559B6A} = {61868D9C-AB30-4582-9530-10718D5979F5}
	EndGlobalSection
	GlobalSection(ExtensibilityGlobals) = postSolution
		SolutionGuid = {E2977B90-20AF-4409-A32E-1F6DC5221FD1}
	EndGlobalSection
EndGlobal
